
Microsoft Visual Studio Solution File, Format Version 12.00
# Visual Studio 15
VisualStudioVersion = 15.0.27703.2018
MinimumVisualStudioVersion = 10.0.40219.1
Project("{FAE04EC0-301F-11D3-BF4B-00C04F79EFBC}") = "hello new", "hello new\hello new.csproj", "{019AB213-8398-4A53-9FB7-22FCDABDC16A}"
EndProject
Global
	GlobalSection(SolutionConfigurationPlatforms) = preSolution
		Debug|Any CPU = Debug|Any CPU
		Release|Any CPU = Release|Any CPU
	EndGlobalSection
	GlobalSection(ProjectConfigurationPlatforms) = postSolution
		{019AB213-8398-4A53-9FB7-22FCDABDC16A}.Debug|Any CPU.ActiveCfg = Debug|Any CPU
		{019AB213-8398-4A53-9FB7-22FCDABDC16A}.Debug|Any CPU.Build.0 = Debug|Any CPU
		{019AB213-8398-4A53-9FB7-22FCDABDC16A}.Release|Any CPU.ActiveCfg = Release|Any CPU
		{019AB213-8398-4A53-9FB7-22FCDABDC16A}.Release|Any CPU.Build.0 = Release|Any CPU
	EndGlobalSection
	GlobalSection(SolutionProperties) = preSolution
		HideSolutionNode = FALSE
	EndGlobalSection
	GlobalSection(ExtensibilityGlobals) = postSolution
		SolutionGuid = {A89E08E2-2CB5-4433-B115-A160A61931C9}
	EndGlobalSection
EndGlobal
